{
  "nodes": {
    "flake-utils": {
      "locked": {
        "lastModified": 1642700792,
        "narHash": "sha256-XqHrk7hFb+zBvRg6Ghl+AZDq03ov6OshJLiSWOoX5es=",
        "owner": "numtide",
        "repo": "flake-utils",
        "rev": "846b2ae0fc4cc943637d3d1def4454213e203cba",
        "type": "github"
      },
      "original": {
        "owner": "numtide",
        "repo": "flake-utils",
        "type": "github"
      }
    },
    "gitignore-source": {
      "inputs": {
        "nixpkgs": [
          "nixpkgs"
        ]
      },
      "locked": {
        "lastModified": 1635165013,
        "narHash": "sha256-o/BdVjNwcB6jOmzZjOH703BesSkkS5O7ej3xhyO8hAY=",
        "owner": "hercules-ci",
        "repo": "gitignore.nix",
        "rev": "5b9e0ff9d3b551234b4f3eb3983744fa354b17f1",
        "type": "github"
      },
      "original": {
        "owner": "hercules-ci",
        "repo": "gitignore.nix",
        "type": "github"
      }
    },
    "nixpkgs": {
      "locked": {
        "lastModified": 1643597094,
        "narHash": "sha256-pyftFNSS73E6EvWaA3qveoLUommjmAgZountTSLyh+k=",
        "owner": "nixos",
        "repo": "nixpkgs",
        "rev": "eafa519fbebf2a16755c8ee6d1d84c49925bb5ca",
        "type": "github"
      },
      "original": {
        "owner": "nixos",
        "repo": "nixpkgs",
        "type": "github"
      }
    },
    "root": {
      "inputs": {
        "flake-utils": "flake-utils",
        "gitignore-source": "gitignore-source",
        "nixpkgs": "nixpkgs",
        "sbt-derivation": "sbt-derivation"
      }
    },
    "sbt-derivation": {
      "locked": {
        "lastModified": 1617466857,
        "narHash": "sha256-Z7eWMLreLtiSiJ3nWDWBy1w9WNEFexkYCgT/dWZF7yo=",
        "owner": "zaninime",
        "repo": "sbt-derivation",
        "rev": "920b6f187937493371e2b1687261017e6e014cf1",
        "type": "github"
      },
      "original": {
        "owner": "zaninime",
        "repo": "sbt-derivation",
        "type": "github"
      }
    }
  },
  "root": "root",
  "version": 7
}
